
Microsoft Visual Studio Solution File, Format Version 12.00
# Visual Studio Version 17
VisualStudioVersion = 17.7.34024.191
MinimumVisualStudioVersion = 10.0.40219.1
Project("{FAE04EC0-301F-11D3-BF4B-00C04F79EFBC}") = "SistemaDeTarefas", "SistemaDeTarefas.csproj", "{197FEA6C-DDA5-43C8-B6B9-8384B77B5E3F}"
EndProject
Global
	GlobalSection(SolutionConfigurationPlatforms) = preSolution
		Debug|Any CPU = Debug|Any CPU
		Release|Any CPU = Release|Any CPU
	EndGlobalSection
	GlobalSection(ProjectConfigurationPlatforms) = postSolution
		{197FEA6C-DDA5-43C8-B6B9-8384B77B5E3F}.Debug|Any CPU.ActiveCfg = Debug|Any CPU
		{197FEA6C-DDA5-43C8-B6B9-8384B77B5E3F}.Debug|Any CPU.Build.0 = Debug|Any CPU
		{197FEA6C-DDA5-43C8-B6B9-8384B77B5E3F}.Release|Any CPU.ActiveCfg = Release|Any CPU
		{197FEA6C-DDA5-43C8-B6B9-8384B77B5E3F}.Release|Any CPU.Build.0 = Release|Any CPU
	EndGlobalSection
	GlobalSection(SolutionProperties) = preSolution
		HideSolutionNode = FALSE
	EndGlobalSection
	GlobalSection(ExtensibilityGlobals) = postSolution
		SolutionGuid = {8B4014CD-D902-4F64-B84B-12FE3F2FC8FB}
	EndGlobalSection
EndGlobal
